
Microsoft Visual Studio Solution File, Format Version 12.00
# Visual Studio Version 16
VisualStudioVersion = 16.0.29806.167
MinimumVisualStudioVersion = 10.0.40219.1
Project("{FAE04EC0-301F-11D3-BF4B-00C04F79EFBC}") = "CodeFirst", "CodeFirst\CodeFirst.csproj", "{998C26B1-8BA8-492C-A24B-89B4AAD81607}"
EndProject
Global
	GlobalSection(SolutionConfigurationPlatforms) = preSolution
		Debug|Any CPU = Debug|Any CPU
		Release|Any CPU = Release|Any CPU
	EndGlobalSection
	GlobalSection(ProjectConfigurationPlatforms) = postSolution
		{998C26B1-8BA8-492C-A24B-89B4AAD81607}.Debug|Any CPU.ActiveCfg = Debug|Any CPU
		{998C26B1-8BA8-492C-A24B-89B4AAD81607}.Debug|Any CPU.Build.0 = Debug|Any CPU
		{998C26B1-8BA8-492C-A24B-89B4AAD81607}.Release|Any CPU.ActiveCfg = Release|Any CPU
		{998C26B1-8BA8-492C-A24B-89B4AAD81607}.Release|Any CPU.Build.0 = Release|Any CPU
	EndGlobalSection
	GlobalSection(SolutionProperties) = preSolution
		HideSolutionNode = FALSE
	EndGlobalSection
	GlobalSection(ExtensibilityGlobals) = postSolution
		SolutionGuid = {2F36FF79-0360-4585-96FF-097CD377D3BA}
	EndGlobalSection
EndGlobal
